{
  "nodes": {
    "darkradiant_src": {
      "flake": false,
      "locked": {
        "lastModified": 1655297034,
        "narHash": "sha256-euYCmr0rVTAaUqFbdLUu8LrUxaGeFM/7jeyJsbC9BsA=",
        "owner": "codereader",
        "repo": "DarkRadiant",
        "rev": "78cd19f755d10dc64d46768af8633d9bc7aa3982",
        "type": "github"
      },
      "original": {
        "owner": "codereader",
        "ref": "3.0.0",
        "repo": "DarkRadiant",
        "type": "github"
      }
    },
    "flake-utils": {
      "inputs": {
        "systems": "systems"
      },
      "locked": {
        "lastModified": 1710146030,
        "narHash": "sha256-SZ5L6eA7HJ/nmkzGG7/ISclqe6oZdOZTNoesiInkXPQ=",
        "owner": "numtide",
        "repo": "flake-utils",
        "rev": "b1d9ab70662946ef0850d488da1c9019f3a9752a",
        "type": "github"
      },
      "original": {
        "owner": "numtide",
        "repo": "flake-utils",
        "type": "github"
      }
    },
    "nixpkgs": {
      "locked": {
        "lastModified": 1716542732,
        "narHash": "sha256-0Y9fRr0CUqWT4KgBITmaGwlnNIGMYuydu2L8iLTfHU4=",
        "owner": "NixOS",
        "repo": "nixpkgs",
        "rev": "d12251ef6e8e6a46e05689eeccd595bdbd3c9e60",
        "type": "github"
      },
      "original": {
        "owner": "NixOS",
        "ref": "nixos-24.05",
        "repo": "nixpkgs",
        "type": "github"
      }
    },
    "root": {
      "inputs": {
        "darkradiant_src": "darkradiant_src",
        "flake-utils": "flake-utils",
        "nixpkgs": "nixpkgs",
        "thedarkmod_src": "thedarkmod_src"
      }
    },
    "systems": {
      "locked": {
        "lastModified": 1681028828,
        "narHash": "sha256-Vy1rq5AaRuLzOxct8nz4T6wlgyUR7zLU309k9mBC768=",
        "owner": "nix-systems",
        "repo": "default",
        "rev": "da67096a3b9bf56a91d16901293e51ba5b49a27e",
        "type": "github"
      },
      "original": {
        "owner": "nix-systems",
        "repo": "default",
        "type": "github"
      }
    },
    "thedarkmod_src": {
      "flake": false,
      "locked": {
        "narHash": "sha256-tKL5s7uwpayX7o4qswpLzS+0KtN0O1e9d3LymWcqFjM=",
        "type": "file",
        "url": "https://www.thedarkmod.com/sources/thedarkmod.2.10.src.7z"
      },
      "original": {
        "type": "file",
        "url": "https://www.thedarkmod.com/sources/thedarkmod.2.10.src.7z"
      }
    }
  },
  "root": "root",
  "version": 7
}
